
Microsoft Visual Studio Solution File, Format Version 12.00
# Visual Studio Version 16
VisualStudioVersion = 16.0.31515.178
MinimumVisualStudioVersion = 10.0.40219.1
Project("{9A19103F-16F7-4668-BE54-9A1E7A4F7556}") = "HeroVsMonster", "HeroVsMonster.csproj", "{F88B16C0-862C-42B0-AB64-194827B5EC12}"
EndProject
Project("{2150E333-8FDC-42A3-9474-1A3956D46DE8}") = "Solution Items", "Solution Items", "{9EB1205E-B42E-4BF2-ADFB-40BD2C364C8A}"
	ProjectSection(SolutionItems) = preProject
		.editorconfig = .editorconfig
	EndProjectSection
EndProject
Global
	GlobalSection(SolutionConfigurationPlatforms) = preSolution
		Debug|Any CPU = Debug|Any CPU
		Release|Any CPU = Release|Any CPU
	EndGlobalSection
	GlobalSection(ProjectConfigurationPlatforms) = postSolution
		{F88B16C0-862C-42B0-AB64-194827B5EC12}.Debug|Any CPU.ActiveCfg = Debug|Any CPU
		{F88B16C0-862C-42B0-AB64-194827B5EC12}.Debug|Any CPU.Build.0 = Debug|Any CPU
		{F88B16C0-862C-42B0-AB64-194827B5EC12}.Release|Any CPU.ActiveCfg = Release|Any CPU
		{F88B16C0-862C-42B0-AB64-194827B5EC12}.Release|Any CPU.Build.0 = Release|Any CPU
	EndGlobalSection
	GlobalSection(SolutionProperties) = preSolution
		HideSolutionNode = FALSE
	EndGlobalSection
	GlobalSection(ExtensibilityGlobals) = postSolution
		SolutionGuid = {9A23B35C-116D-41EB-AD95-9BF2B8D94E04}
	EndGlobalSection
EndGlobal
